
Microsoft Visual Studio Solution File, Format Version 12.00
# Visual Studio Version 16
VisualStudioVersion = 16.0.29519.181
MinimumVisualStudioVersion = 10.0.40219.1
Project("{9A19103F-16F7-4668-BE54-9A1E7A4F7556}") = "authenticate", "authenticate.csproj", "{953EA641-154F-4C7C-B052-A6A46DCE7B9B}"
EndProject
Project("{FAE04EC0-301F-11D3-BF4B-00C04F79EFBC}") = "authenticate.Tests", "..\authenticate.Tests\authenticate.Tests.csproj", "{D0B7B661-3867-4A1E-B196-40B7B7EA6275}"
EndProject
Global
	GlobalSection(SolutionConfigurationPlatforms) = preSolution
		Debug|Any CPU = Debug|Any CPU
		Release|Any CPU = Release|Any CPU
	EndGlobalSection
	GlobalSection(ProjectConfigurationPlatforms) = postSolution
		{953EA641-154F-4C7C-B052-A6A46DCE7B9B}.Debug|Any CPU.ActiveCfg = Debug|Any CPU
		{953EA641-154F-4C7C-B052-A6A46DCE7B9B}.Debug|Any CPU.Build.0 = Debug|Any CPU
		{953EA641-154F-4C7C-B052-A6A46DCE7B9B}.Release|Any CPU.ActiveCfg = Release|Any CPU
		{953EA641-154F-4C7C-B052-A6A46DCE7B9B}.Release|Any CPU.Build.0 = Release|Any CPU
		{D0B7B661-3867-4A1E-B196-40B7B7EA6275}.Debug|Any CPU.ActiveCfg = Debug|Any CPU
		{D0B7B661-3867-4A1E-B196-40B7B7EA6275}.Debug|Any CPU.Build.0 = Debug|Any CPU
		{D0B7B661-3867-4A1E-B196-40B7B7EA6275}.Release|Any CPU.ActiveCfg = Release|Any CPU
		{D0B7B661-3867-4A1E-B196-40B7B7EA6275}.Release|Any CPU.Build.0 = Release|Any CPU
	EndGlobalSection
	GlobalSection(SolutionProperties) = preSolution
		HideSolutionNode = FALSE
	EndGlobalSection
	GlobalSection(ExtensibilityGlobals) = postSolution
		SolutionGuid = {4C1305A8-FAC8-43CA-A4D4-EFA1415D5314}
	EndGlobalSection
EndGlobal
